// !$*UTF8*$!
{
	archiveVersion = 1;
	classes = {
	};
	objectVersion = 56;
	objects = {

/* Begin PBXBuildFile section */
		8229944E294CCA0700BB5311 /* AppDelegate.m in Sources */ = {isa = PBXBuildFile; fileRef = 8229944D294CCA0700BB5311 /* AppDelegate.m */; };
		82299451294CCA0700BB5311 /* SceneDelegate.m in Sources */ = {isa = PBXBuildFile; fileRef = 82299450294CCA0700BB5311 /* SceneDelegate.m */; };
		82299454294CCA0700BB5311 /* ViewController.m in Sources */ = {isa = PBXBuildFile; fileRef = 82299453294CCA0700BB5311 /* ViewController.m */; };
		82299457294CCA0700BB5311 /* Main.storyboard in Resources */ = {isa = PBXBuildFile; fileRef = 82299455294CCA0700BB5311 /* Main.storyboard */; };
		82299459294CCA0900BB5311 /* Assets.xcassets in Resources */ = {isa = PBXBuildFile; fileRef = 82299458294CCA0900BB5311 /* Assets.xcassets */; };
		8229945C294CCA0900BB5311 /* LaunchScreen.storyboard in Resources */ = {isa = PBXBuildFile; fileRef = 8229945A294CCA0900BB5311 /* LaunchScreen.storyboard */; };
		8229945F294CCA0900BB5311 /* main.m in Sources */ = {isa = PBXBuildFile; fileRef = 8229945E294CCA0900BB5311 /* main.m */; };
		826CCFFA294D083200D4C061 /* DetailsViewController.m in Sources */ = {isa = PBXBuildFile; fileRef = 826CCFF9294D083200D4C061 /* DetailsViewController.m */; };
		826CCFFE294D1A9400D4C061 /* Notes.m in Sources */ = {isa = PBXBuildFile; fileRef = 826CCFFD294D1A9400D4C061 /* Notes.m */; };
/* End PBXBuildFile section */

/* Begin PBXFileReference section */
		82299449294CCA0700BB5311 /* ToDo-List.app */ = {isa = PBXFileReference; explicitFileType = wrapper.application; includeInIndex = 0; path = "ToDo-List.app"; sourceTree = BUILT_PRODUCTS_DIR; };
		8229944C294CCA0700BB5311 /* AppDelegate.h */ = {isa = PBXFileReference; lastKnownFileType = sourcecode.c.h; path = AppDelegate.h; sourceTree = "<group>"; };
		8229944D294CCA0700BB5311 /* AppDelegate.m */ = {isa = PBXFileReference; lastKnownFileType = sourcecode.c.objc; path = AppDelegate.m; sourceTree = "<group>"; };
		8229944F294CCA0700BB5311 /* SceneDelegate.h */ = {isa = PBXFileReference; lastKnownFileType = sourcecode.c.h; path = SceneDelegate.h; sourceTree = "<group>"; };
		82299450294CCA0700BB5311 /* SceneDelegate.m */ = {isa = PBXFileReference; lastKnownFileType = sourcecode.c.objc; path = SceneDelegate.m; sourceTree = "<group>"; };
		82299452294CCA0700BB5311 /* ViewController.h */ = {isa = PBXFileReference; lastKnownFileType = sourcecode.c.h; path = ViewController.h; sourceTree = "<group>"; };
		82299453294CCA0700BB5311 /* ViewController.m */ = {isa = PBXFileReference; lastKnownFileType = sourcecode.c.objc; path = ViewController.m; sourceTree = "<group>"; };
		82299456294CCA0700BB5311 /* Base */ = {isa = PBXFileReference; lastKnownFileType = file.storyboard; name = Base; path = Base.lproj/Main.storyboard; sourceTree = "<group>"; };
		82299458294CCA0900BB5311 /* Assets.xcassets */ = {isa = PBXFileReference; lastKnownFileType = folder.assetcatalog; path = Assets.xcassets; sourceTree = "<group>"; };
		8229945B294CCA0900BB5311 /* Base */ = {isa = PBXFileReference; lastKnownFileType = file.storyboard; name = Base; path = Base.lproj/LaunchScreen.storyboard; sourceTree = "<group>"; };
		8229945D294CCA0900BB5311 /* Info.plist */ = {isa = PBXFileReference; lastKnownFileType = text.plist.xml; path = Info.plist; sourceTree = "<group>"; };
		8229945E294CCA0900BB5311 /* main.m */ = {isa = PBXFileReference; lastKnownFileType = sourcecode.c.objc; path = main.m; sourceTree = "<group>"; };
		826CCFF8294D083200D4C061 /* DetailsViewController.h */ = {isa = PBXFileReference; lastKnownFileType = sourcecode.c.h; path = DetailsViewController.h; sourceTree = "<group>"; };
		826CCFF9294D083200D4C061 /* DetailsViewController.m */ = {isa = PBXFileReference; lastKnownFileType = sourcecode.c.objc; path = DetailsViewController.m; sourceTree = "<group>"; };
		826CCFFC294D1A9400D4C061 /* Notes.h */ = {isa = PBXFileReference; lastKnownFileType = sourcecode.c.h; path = Notes.h; sourceTree = "<group>"; };
		826CCFFD294D1A9400D4C061 /* Notes.m */ = {isa = PBXFileReference; lastKnownFileType = sourcecode.c.objc; path = Notes.m; sourceTree = "<group>"; };
/* End PBXFileReference section */

/* Begin PBXFrameworksBuildPhase section */
		82299446294CCA0700BB5311 /* Frameworks */ = {
			isa = PBXFrameworksBuildPhase;
			buildActionMask = 2147483647;
			files = (
			);
			runOnlyForDeploymentPostprocessing = 0;
		};
/* End PBXFrameworksBuildPhase section */

/* Begin PBXGroup section */
		82299440294CCA0700BB5311 = {
			isa = PBXGroup;
			children = (
				8229944B294CCA0700BB5311 /* ToDo-List */,
				8229944A294CCA0700BB5311 /* Products */,
			);
			sourceTree = "<group>";
		};
		8229944A294CCA0700BB5311 /* Products */ = {
			isa = PBXGroup;
			children = (
				82299449294CCA0700BB5311 /* ToDo-List.app */,
			);
			name = Products;
			sourceTree = "<group>";
		};
		8229944B294CCA0700BB5311 /* ToDo-List */ = {
			isa = PBXGroup;
			children = (
				826CCFFB294D1A8300D4C061 /* Model */,
				82299466294CCC0000BB5311 /* Controllers */,
				82299465294CCB4700BB5311 /* Resources */,
				82299455294CCA0700BB5311 /* Main.storyboard */,
				8229945A294CCA0900BB5311 /* LaunchScreen.storyboard */,
				8229945D294CCA0900BB5311 /* Info.plist */,
				8229945E294CCA0900BB5311 /* main.m */,
			);
			path = "ToDo-List";
			sourceTree = "<group>";
		};
		82299465294CCB4700BB5311 /* Resources */ = {
			isa = PBXGroup;
			children = (
				8229944C294CCA0700BB5311 /* AppDelegate.h */,
				8229944D294CCA0700BB5311 /* AppDelegate.m */,
				8229944F294CCA0700BB5311 /* SceneDelegate.h */,
				82299450294CCA0700BB5311 /* SceneDelegate.m */,
				82299458294CCA0900BB5311 /* Assets.xcassets */,
			);
			path = Resources;
			sourceTree = "<group>";
		};
		82299466294CCC0000BB5311 /* Controllers */ = {
			isa = PBXGroup;
			children = (
				826CCFF7294D081F00D4C061 /* Details */,
				826CCFED294D053B00D4C061 /* Main */,
			);
			path = Controllers;
			sourceTree = "<group>";
		};
		826CCFED294D053B00D4C061 /* Main */ = {
			isa = PBXGroup;
			children = (
				82299452294CCA0700BB5311 /* ViewController.h */,
				82299453294CCA0700BB5311 /* ViewController.m */,
			);
			path = Main;
			sourceTree = "<group>";
		};
		826CCFF7294D081F00D4C061 /* Details */ = {
			isa = PBXGroup;
			children = (
				826CCFF8294D083200D4C061 /* DetailsViewController.h */,
				826CCFF9294D083200D4C061 /* DetailsViewController.m */,
			);
			path = Details;
			sourceTree = "<group>";
		};
		826CCFFB294D1A8300D4C061 /* Model */ = {
			isa = PBXGroup;
			children = (
				826CCFFC294D1A9400D4C061 /* Notes.h */,
				826CCFFD294D1A9400D4C061 /* Notes.m */,
			);
			path = Model;
			sourceTree = "<group>";
		};
/* End PBXGroup section */

/* Begin PBXNativeTarget section */
		82299448294CCA0700BB5311 /* ToDo-List */ = {
			isa = PBXNativeTarget;
			buildConfigurationList = 82299462294CCA0900BB5311 /* Build configuration list for PBXNativeTarget "ToDo-List" */;
			buildPhases = (
				82299445294CCA0700BB5311 /* Sources */,
				82299446294CCA0700BB5311 /* Frameworks */,
				82299447294CCA0700BB5311 /* Resources */,
			);
			buildRules = (
			);
			dependencies = (
			);
			name = "ToDo-List";
			productName = "ToDo-List";
			productReference = 82299449294CCA0700BB5311 /* ToDo-List.app */;
			productType = "com.apple.product-type.application";
		};
/* End PBXNativeTarget section */

/* Begin PBXProject section */
		82299441294CCA0700BB5311 /* Project object */ = {
			isa = PBXProject;
			attributes = {
				BuildIndependentTargetsInParallel = 1;
				LastUpgradeCheck = 1400;
				TargetAttributes = {
					82299448294CCA0700BB5311 = {
						CreatedOnToolsVersion = 14.0;
					};
				};
			};
			buildConfigurationList = 82299444294CCA0700BB5311 /* Build configuration list for PBXProject "ToDo-List" */;
			compatibilityVersion = "Xcode 14.0";
			developmentRegion = en;
			hasScannedForEncodings = 0;
			knownRegions = (
				en,
				Base,
			);
			mainGroup = 82299440294CCA0700BB5311;
			productRefGroup = 8229944A294CCA0700BB5311 /* Products */;
			projectDirPath = "";
			projectRoot = "";
			targets = (
				82299448294CCA0700BB5311 /* ToDo-List */,
			);
		};
/* End PBXProject section */

/* Begin PBXResourcesBuildPhase section */
		82299447294CCA0700BB5311 /* Resources */ = {
			isa = PBXResourcesBuildPhase;
			buildActionMask = 2147483647;
			files = (
				8229945C294CCA0900BB5311 /* LaunchScreen.storyboard in Resources */,
				82299459294CCA0900BB5311 /* Assets.xcassets in Resources */,
				82299457294CCA0700BB5311 /* Main.storyboard in Resources */,
			);
			runOnlyForDeploymentPostprocessing = 0;
		};
/* End PBXResourcesBuildPhase section */

/* Begin PBXSourcesBuildPhase section */
		82299445294CCA0700BB5311 /* Sources */ = {
			isa = PBXSourcesBuildPhase;
			buildActionMask = 2147483647;
			files = (
				826CCFFE294D1A9400D4C061 /* Notes.m in Sources */,
				82299454294CCA0700BB5311 /* ViewController.m in Sources */,
				826CCFFA294D083200D4C061 /* DetailsViewController.m in Sources */,
				8229944E294CCA0700BB5311 /* AppDelegate.m in Sources */,
				8229945F294CCA0900BB5311 /* main.m in Sources */,
				82299451294CCA0700BB5311 /* SceneDelegate.m in Sources */,
			);
			runOnlyForDeploymentPostprocessing = 0;
		};
/* End PBXSourcesBuildPhase section */

/* Begin PBXVariantGroup section */
		82299455294CCA0700BB5311 /* Main.storyboard */ = {
			isa = PBXVariantGroup;
			children = (
				82299456294CCA0700BB5311 /* Base */,
			);
			name = Main.storyboard;
			sourceTree = "<group>";
		};
		8229945A294CCA0900BB5311 /* LaunchScreen.storyboard */ = {
			isa = PBXVariantGroup;
			children = (
				8229945B294CCA0900BB5311 /* Base */,
			);
			name = LaunchScreen.storyboard;
			sourceTree = "<group>";
		};
/* End PBXVariantGroup section */

/* Begin XCBuildConfiguration section */
		82299460294CCA0900BB5311 /* Debug */ = {
			isa = XCBuildConfiguration;
			buildSettings = {
				ALWAYS_SEARCH_USER_PATHS = NO;
				CLANG_ANALYZER_NONNULL = YES;
				CLANG_ANALYZER_NUMBER_OBJECT_CONVERSION = YES_AGGRESSIVE;
				CLANG_CXX_LANGUAGE_STANDARD = "gnu++20";
				CLANG_ENABLE_MODULES = YES;
				CLANG_ENABLE_OBJC_ARC = YES;
				CLANG_ENABLE_OBJC_WEAK = YES;
				CLANG_WARN_BLOCK_CAPTURE_AUTORELEASING = YES;
				CLANG_WARN_BOOL_CONVERSION = YES;
				CLANG_WARN_COMMA = YES;
				CLANG_WARN_CONSTANT_CONVERSION = YES;
				CLANG_WARN_DEPRECATED_OBJC_IMPLEMENTATIONS = YES;
				CLANG_WARN_DIRECT_OBJC_ISA_USAGE = YES_ERROR;
				CLANG_WARN_DOCUMENTATION_COMMENTS = YES;
				CLANG_WARN_EMPTY_BODY = YES;
				CLANG_WARN_ENUM_CONVERSION = YES;
				CLANG_WARN_INFINITE_RECURSION = YES;
				CLANG_WARN_INT_CONVERSION = YES;
				CLANG_WARN_NON_LITERAL_NULL_CONVERSION = YES;
				CLANG_WARN_OBJC_IMPLICIT_RETAIN_SELF = YES;
				CLANG_WARN_OBJC_LITERAL_CONVERSION = YES;
				CLANG_WARN_OBJC_ROOT_CLASS = YES_ERROR;
				CLANG_WARN_QUOTED_INCLUDE_IN_FRAMEWORK_HEADER = YES;
				CLANG_WARN_RANGE_LOOP_ANALYSIS = YES;
				CLANG_WARN_STRICT_PROTOTYPES = YES;
				CLANG_WARN_SUSPICIOUS_MOVE = YES;
				CLANG_WARN_UNGUARDED_AVAILABILITY = YES_AGGRESSIVE;
				CLANG_WARN_UNREACHABLE_CODE = YES;
				CLANG_WARN__DUPLICATE_METHOD_MATCH = YES;
				COPY_PHASE_STRIP = NO;
				DEBUG_INFORMATION_FORMAT = dwarf;
				ENABLE_STRICT_OBJC_MSGSEND = YES;
				ENABLE_TESTABILITY = YES;
				GCC_C_LANGUAGE_STANDARD = gnu11;
				GCC_DYNAMIC_NO_PIC = NO;
				GCC_NO_COMMON_BLOCKS = YES;
				GCC_OPTIMIZATION_LEVEL = 0;
				GCC_PREPROCESSOR_DEFINITIONS = (
					"DEBUG=1",
					"$(inherited)",
				);
				GCC_WARN_64_TO_32_BIT_CONVERSION = YES;
				GCC_WARN_ABOUT_RETURN_TYPE = YES_ERROR;
				GCC_WARN_UNDECLARED_SELECTOR = YES;
				GCC_WARN_UNINITIALIZED_AUTOS = YES_AGGRESSIVE;
				GCC_WARN_UNUSED_FUNCTION = YES;
				GCC_WARN_UNUSED_VARIABLE = YES;
				IPHONEOS_DEPLOYMENT_TARGET = 16.0;
				MTL_ENABLE_DEBUG_INFO = INCLUDE_SOURCE;
				MTL_FAST_MATH = YES;
				ONLY_ACTIVE_ARCH = YES;
				SDKROOT = iphoneos;
			};
			name = Debug;
		};
		82299461294CCA0900BB5311 /* Release */ = {
			isa = XCBuildConfiguration;
			buildSettings = {
				ALWAYS_SEARCH_USER_PATHS = NO;
				CLANG_ANALYZER_NONNULL = YES;
				CLANG_ANALYZER_NUMBER_OBJECT_CONVERSION = YES_AGGRESSIVE;
				CLANG_CXX_LANGUAGE_STANDARD = "gnu++20";
				CLANG_ENABLE_MODULES = YES;
				CLANG_ENABLE_OBJC_ARC = YES;
				CLANG_ENABLE_OBJC_WEAK = YES;
				CLANG_WARN_BLOCK_CAPTURE_AUTORELEASING = YES;
				CLANG_WARN_BOOL_CONVERSION = YES;
				CLANG_WARN_COMMA = YES;
				CLANG_WARN_CONSTANT_CONVERSION = YES;
				CLANG_WARN_DEPRECATED_OBJC_IMPLEMENTATIONS = YES;
				CLANG_WARN_DIRECT_OBJC_ISA_USAGE = YES_ERROR;
				CLANG_WARN_DOCUMENTATION_COMMENTS = YES;
				CLANG_WARN_EMPTY_BODY = YES;
				CLANG_WARN_ENUM_CONVERSION = YES;
				CLANG_WARN_INFINITE_RECURSION = YES;
				CLANG_WARN_INT_CONVERSION = YES;
				CLANG_WARN_NON_LITERAL_NULL_CONVERSION = YES;
				CLANG_WARN_OBJC_IMPLICIT_RETAIN_SELF = YES;
				CLANG_WARN_OBJC_LITERAL_CONVERSION = YES;
				CLANG_WARN_OBJC_ROOT_CLASS = YES_ERROR;
				CLANG_WARN_QUOTED_INCLUDE_IN_FRAMEWORK_HEADER = YES;
				CLANG_WARN_RANGE_LOOP_ANALYSIS = YES;
				CLANG_WARN_STRICT_PROTOTYPES = YES;
				CLANG_WARN_SUSPICIOUS_MOVE = YES;
				CLANG_WARN_UNGUARDED_AVAILABILITY = YES_AGGRESSIVE;
				CLANG_WARN_UNREACHABLE_CODE = YES;
				CLANG_WARN__DUPLICATE_METHOD_MATCH = YES;
				COPY_PHASE_STRIP = NO;
				DEBUG_INFORMATION_FORMAT = "dwarf-with-dsym";
				ENABLE_NS_ASSERTIONS = NO;
				ENABLE_STRICT_OBJC_MSGSEND = YES;
				GCC_C_LANGUAGE_STANDARD = gnu11;
				GCC_NO_COMMON_BLOCKS = YES;
				GCC_WARN_64_TO_32_BIT_CONVERSION = YES;
				GCC_WARN_ABOUT_RETURN_TYPE = YES_ERROR;
				GCC_WARN_UNDECLARED_SELECTOR = YES;
				GCC_WARN_UNINITIALIZED_AUTOS = YES_AGGRESSIVE;
				GCC_WARN_UNUSED_FUNCTION = YES;
				GCC_WARN_UNUSED_VARIABLE = YES;
				IPHONEOS_DEPLOYMENT_TARGET = 16.0;
				MTL_ENABLE_DEBUG_INFO = NO;
				MTL_FAST_MATH = YES;
				SDKROOT = iphoneos;
				VALIDATE_PRODUCT = YES;
			};
			name = Release;
		};
		82299463294CCA0900BB5311 /* Debug */ = {
			isa = XCBuildConfiguration;
			buildSettings = {
				ASSETCATALOG_COMPILER_APPICON_NAME = AppIcon;
				ASSETCATALOG_COMPILER_GLOBAL_ACCENT_COLOR_NAME = AccentColor;
				CODE_SIGN_STYLE = Automatic;
				CURRENT_PROJECT_VERSION = 1;
				DEVELOPMENT_TEAM = X2R4Q8ATZU;
				GENERATE_INFOPLIST_FILE = YES;
				INFOPLIST_FILE = "ToDo-List/Info.plist";
				INFOPLIST_KEY_UIApplicationSupportsIndirectInputEvents = YES;
				INFOPLIST_KEY_UILaunchStoryboardName = LaunchScreen;
				INFOPLIST_KEY_UIMainStoryboardFile = Main;
				INFOPLIST_KEY_UISupportedInterfaceOrientations_iPad = "UIInterfaceOrientationPortrait UIInterfaceOrientationPortraitUpsideDown UIInterfaceOrientationLandscapeLeft UIInterfaceOrientationLandscapeRight";
				INFOPLIST_KEY_UISupportedInterfaceOrientations_iPhone = "UIInterfaceOrientationPortrait UIInterfaceOrientationLandscapeLeft UIInterfaceOrientationLandscapeRight";
				LD_RUNPATH_SEARCH_PATHS = (
					"$(inherited)",
					"@executable_path/Frameworks",
				);
				MARKETING_VERSION = 1.0;
				PRODUCT_BUNDLE_IDENTIFIER = "gmail.igormedfer.ToDo-List";
				PRODUCT_NAME = "$(TARGET_NAME)";
				SWIFT_EMIT_LOC_STRINGS = YES;
				TARGETED_DEVICE_FAMILY = "1,2";
			};
			name = Debug;
		};
		82299464294CCA0900BB5311 /* Release */ = {
			isa = XCBuildConfiguration;
			buildSettings = {
				ASSETCATALOG_COMPILER_APPICON_NAME = AppIcon;
				ASSETCATALOG_COMPILER_GLOBAL_ACCENT_COLOR_NAME = AccentColor;
				CODE_SIGN_STYLE = Automatic;
				CURRENT_PROJECT_VERSION = 1;
				DEVELOPMENT_TEAM = X2R4Q8ATZU;
				GENERATE_INFOPLIST_FILE = YES;
				INFOPLIST_FILE = "ToDo-List/Info.plist";
				INFOPLIST_KEY_UIApplicationSupportsIndirectInputEvents = YES;
				INFOPLIST_KEY_UILaunchStoryboardName = LaunchScreen;
				INFOPLIST_KEY_UIMainStoryboardFile = Main;
				INFOPLIST_KEY_UISupportedInterfaceOrientations_iPad = "UIInterfaceOrientationPortrait UIInterfaceOrientationPortraitUpsideDown UIInterfaceOrientationLandscapeLeft UIInterfaceOrientationLandscapeRight";
				INFOPLIST_KEY_UISupportedInterfaceOrientations_iPhone = "UIInterfaceOrientationPortrait UIInterfaceOrientationLandscapeLeft UIInterfaceOrientationLandscapeRight";
				LD_RUNPATH_SEARCH_PATHS = (
					"$(inherited)",
					"@executable_path/Frameworks",
				);
				MARKETING_VERSION = 1.0;
				PRODUCT_BUNDLE_IDENTIFIER = "gmail.igormedfer.ToDo-List";
				PRODUCT_NAME = "$(TARGET_NAME)";
				SWIFT_EMIT_LOC_STRINGS = YES;
				TARGETED_DEVICE_FAMILY = "1,2";
			};
			name = Release;
		};
/* End XCBuildConfiguration section */

/* Begin XCConfigurationList section */
		82299444294CCA0700BB5311 /* Build configuration list for PBXProject "ToDo-List" */ = {
			isa = XCConfigurationList;
			buildConfigurations = (
				82299460294CCA0900BB5311 /* Debug */,
				82299461294CCA0900BB5311 /* Release */,
			);
			defaultConfigurationIsVisible = 0;
			defaultConfigurationName = Release;
		};
		82299462294CCA0900BB5311 /* Build configuration list for PBXNativeTarget "ToDo-List" */ = {
			isa = XCConfigurationList;
			buildConfigurations = (
				82299463294CCA0900BB5311 /* Debug */,
				82299464294CCA0900BB5311 /* Release */,
			);
			defaultConfigurationIsVisible = 0;
			defaultConfigurationName = Release;
		};
/* End XCConfigurationList section */
	};
	rootObject = 82299441294CCA0700BB5311 /* Project object */;
}
